<?xml version="1.0" encoding="UTF-8" standalone="yes" ?>
<CodeBlocks_project_file>
	<FileVersion major="1" minor="6" />
	<Project>
		<Option title="altumAlign" />
		<Option pch_mode="2" />
		<Option compiler="gcc" />
		<Build>
			<Target title="Debug">
				<Option output="bin/Debug/altumAlign" prefix_auto="1" extension_auto="1" />
				<Option object_output="obj/Debug/" />
				<Option type="1" />
				<Option compiler="gcc" />
				<Compiler>
					<Add option="-O3" />
					<Add option="-std=c++11" />
					<Add option="-m64" />
					<Add option="-march=corei7" />
					<Add option="-fopenmp" />
					<Add directory="include" />
					<Add directory="/usr/local/include/opencv4" />
				</Compiler>
				<Linker>
					<Add option="-m64" />
					<Add option="-Wl,-Bstatic -lboost_system -Wl,-Bdynamic" />
					<Add option="-Wl,-Bstatic -lboost_program_options -Wl,-Bdynamic" />
					<Add option="-lboost_filesystem" />
					<Add option="-lboost_system" />
					<Add option="-fopenmp" />
					<Add option="-lopencv_core -lopencv_imgproc -lopencv_highgui" />
					<Add option="-lopencv_objdetect" />
					<Add option="-lopencv_calib3d" />
					<Add option="-lopencv_features2d" />
					<Add option="-lopencv_xfeatures2d" />
					<Add option="-lopencv_imgproc" />
					<Add option="-lopencv_imgcodecs" />
				</Linker>
			</Target>
			<Target title="Release">
				<Option output="bin/Release/alltumAlign" prefix_auto="1" extension_auto="1" />
				<Option object_output="obj/Release/" />
				<Option type="0" />
				<Option compiler="gcc" />
				<Compiler>
					<Add option="-O2" />
					<Add option="-march=corei7" />
					<Add option="-fopenmp" />
					<Add directory="include" />
					<Add directory="/usr/local/include/opencv4" />
				</Compiler>
				<Linker>
					<Add option="-Wl,-Bstatic -lboost_system -Wl,-Bdynamic" />
					<Add option="-Wl,-Bstatic -lboost_program_options -Wl,-Bdynamic" />
					<Add option="-lboost_filesystem" />
					<Add option="-lboost_system" />
					<Add option="-fopenmp" />
					<Add option="-lopencv_core -lopencv_imgproc -lopencv_highgui" />
					<Add option="-lopencv_objdetect" />
					<Add option="-lopencv_calib3d" />
					<Add option="-lopencv_features2d" />
					<Add option="-lopencv_xfeatures2d" />
					<Add option="-lopencv_imgproc" />
					<Add option="-lopencv_imgcodecs" />
				</Linker>
			</Target>
		</Build>
		<Compiler>
			<Add option="-O3" />
			<Add option="-m64" />
			<Add option="`opencv-config --cxxflags`" />
			<Add option="-fopenmp" />
		</Compiler>
		<Linker>
			<Add option="-m64" />
			<Add option="`opencv-config --ldstaticflags`" />
			<Add option="-Wl,-Bstatic -lboost_system -Wl,-Bdynamic" />
			<Add option="-Wl,-Bstatic -lboost_program_options -Wl,-Bdynamic" />
			<Add option="-lboost_filesystem" />
			<Add option="-lboost_system" />
			<Add option="-fopenmp" />
			<Add directory="/usr/local/include/opencv4" />
		</Linker>
		<Unit filename="arnold_schwarzenegger.jpg" />
		<Unit filename="include/ExifTool.h" />
		<Unit filename="include/ExifToolPipe.h" />
		<Unit filename="include/TagInfo.h" />
		<Unit filename="include/altumImage.h" />
		<Unit filename="include/calibrationPanels.h" />
		<Unit filename="include/exif.h" />
		<Unit filename="include/metadata_reader.h" />
		<Unit filename="include/progress.h" />
		<Unit filename="include/queue.h" />
		<Unit filename="main.cpp" />
		<Unit filename="src/ExifTool.cpp" />
		<Unit filename="src/ExifToolPipe.cpp" />
		<Unit filename="src/TagInfo.cpp" />
		<Unit filename="src/altumImage.cpp" />
		<Unit filename="src/calibrationPanels.cpp" />
		<Unit filename="src/exif.cpp" />
		<Unit filename="src/metadata_reader.cpp" />
		<Unit filename="src/progress.cpp" />
		<Extensions />
	</Project>
</CodeBlocks_project_file>
